
Microsoft Visual Studio Solution File, Format Version 12.00
# Visual Studio Version 17
VisualStudioVersion = 17.11.35208.52
MinimumVisualStudioVersion = 10.0.40219.1
Project("{FAE04EC0-301F-11D3-BF4B-00C04F79EFBC}") = "HelloWorld", "HelloWorld\HelloWorld.csproj", "{C3887089-78C5-41D3-A9CF-F3C85F7FC649}"
EndProject
Global
	GlobalSection(SolutionConfigurationPlatforms) = preSolution
		Debug|Any CPU = Debug|Any CPU
		Release|Any CPU = Release|Any CPU
	EndGlobalSection
	GlobalSection(ProjectConfigurationPlatforms) = postSolution
		{C3887089-78C5-41D3-A9CF-F3C85F7FC649}.Debug|Any CPU.ActiveCfg = Debug|Any CPU
		{C3887089-78C5-41D3-A9CF-F3C85F7FC649}.Debug|Any CPU.Build.0 = Debug|Any CPU
		{C3887089-78C5-41D3-A9CF-F3C85F7FC649}.Release|Any CPU.ActiveCfg = Release|Any CPU
		{C3887089-78C5-41D3-A9CF-F3C85F7FC649}.Release|Any CPU.Build.0 = Release|Any CPU
	EndGlobalSection
	GlobalSection(SolutionProperties) = preSolution
		HideSolutionNode = FALSE
	EndGlobalSection
	GlobalSection(ExtensibilityGlobals) = postSolution
		SolutionGuid = {180392A4-50D7-4181-9AC9-CDE607C7B50C}
	EndGlobalSection
EndGlobal
